
Microsoft Visual Studio Solution File, Format Version 12.00
# Visual Studio Version 17
VisualStudioVersion = 17.0.31903.59
MinimumVisualStudioVersion = 10.0.40219.1
Project("{FAE04EC0-301F-11D3-BF4B-00C04F79EFBC}") = "Ecomove.Api", "src\Ecomove.Api.csproj", "{1DC72F54-F1CA-44F8-94E2-072426F6BFBD}"
EndProject
Project("{FAE04EC0-301F-11D3-BF4B-00C04F79EFBC}") = "Ecomove.Tests.Units", "tests\Ecomove.Tests.Units.csproj", "{4DA63DE7-FD06-4F78-B7A9-8B1AD8B43F0A}"
EndProject
Global
	GlobalSection(SolutionConfigurationPlatforms) = preSolution
		Debug|Any CPU = Debug|Any CPU
		Release|Any CPU = Release|Any CPU
	EndGlobalSection
	GlobalSection(SolutionProperties) = preSolution
		HideSolutionNode = FALSE
	EndGlobalSection
	GlobalSection(ProjectConfigurationPlatforms) = postSolution
		{1DC72F54-F1CA-44F8-94E2-072426F6BFBD}.Debug|Any CPU.ActiveCfg = Debug|Any CPU
		{1DC72F54-F1CA-44F8-94E2-072426F6BFBD}.Debug|Any CPU.Build.0 = Debug|Any CPU
		{1DC72F54-F1CA-44F8-94E2-072426F6BFBD}.Release|Any CPU.ActiveCfg = Release|Any CPU
		{1DC72F54-F1CA-44F8-94E2-072426F6BFBD}.Release|Any CPU.Build.0 = Release|Any CPU
		{4DA63DE7-FD06-4F78-B7A9-8B1AD8B43F0A}.Debug|Any CPU.ActiveCfg = Debug|Any CPU
		{4DA63DE7-FD06-4F78-B7A9-8B1AD8B43F0A}.Debug|Any CPU.Build.0 = Debug|Any CPU
		{4DA63DE7-FD06-4F78-B7A9-8B1AD8B43F0A}.Release|Any CPU.ActiveCfg = Release|Any CPU
		{4DA63DE7-FD06-4F78-B7A9-8B1AD8B43F0A}.Release|Any CPU.Build.0 = Release|Any CPU
	EndGlobalSection
EndGlobal
